
Microsoft Visual Studio Solution File, Format Version 12.00
# Visual Studio 15
VisualStudioVersion = 15.0.28010.2036
MinimumVisualStudioVersion = 10.0.40219.1
Project("{8BC9CEB8-8B4A-11D0-8D11-00A0C91BC942}") = "calculator", "calculator\calculator.vcxproj", "{B990D6BC-A4CB-4C22-ABC1-8B541B9EFE89}"
EndProject
Global
	GlobalSection(SolutionConfigurationPlatforms) = preSolution
		Debug|x64 = Debug|x64
		Debug|x86 = Debug|x86
		Release|x64 = Release|x64
		Release|x86 = Release|x86
	EndGlobalSection
	GlobalSection(ProjectConfigurationPlatforms) = postSolution
		{B990D6BC-A4CB-4C22-ABC1-8B541B9EFE89}.Debug|x64.ActiveCfg = Debug|x64
		{B990D6BC-A4CB-4C22-ABC1-8B541B9EFE89}.Debug|x64.Build.0 = Debug|x64
		{B990D6BC-A4CB-4C22-ABC1-8B541B9EFE89}.Debug|x86.ActiveCfg = Debug|Win32
		{B990D6BC-A4CB-4C22-ABC1-8B541B9EFE89}.Debug|x86.Build.0 = Debug|Win32
		{B990D6BC-A4CB-4C22-ABC1-8B541B9EFE89}.Release|x64.ActiveCfg = Release|x64
		{B990D6BC-A4CB-4C22-ABC1-8B541B9EFE89}.Release|x64.Build.0 = Release|x64
		{B990D6BC-A4CB-4C22-ABC1-8B541B9EFE89}.Release|x86.ActiveCfg = Release|Win32
		{B990D6BC-A4CB-4C22-ABC1-8B541B9EFE89}.Release|x86.Build.0 = Release|Win32
	EndGlobalSection
	GlobalSection(SolutionProperties) = preSolution
		HideSolutionNode = FALSE
	EndGlobalSection
	GlobalSection(ExtensibilityGlobals) = postSolution
		SolutionGuid = {82E45467-FB53-41AD-BC86-ED4AF4632263}
	EndGlobalSection
EndGlobal
