
Microsoft Visual Studio Solution File, Format Version 12.00
# Visual Studio 15
VisualStudioVersion = 15.0.28307.102
MinimumVisualStudioVersion = 10.0.40219.1
Project("{8BC9CEB8-8B4A-11D0-8D11-00A0C91BC942}") = "BST", "BST\BST.vcxproj", "{2AD471DE-8521-467A-BFFC-636443C0DFBD}"
EndProject
Project("{8BC9CEB8-8B4A-11D0-8D11-00A0C91BC942}") = "HASH", "HASH\HASH.vcxproj", "{F57D8A71-2D50-4245-9CB3-A8C145154FF0}"
EndProject
Project("{8BC9CEB8-8B4A-11D0-8D11-00A0C91BC942}") = "HEAP", "HEAP\HEAP.vcxproj", "{A008579A-C420-4700-9E5D-0ACED055ACA7}"
EndProject
Project("{8BC9CEB8-8B4A-11D0-8D11-00A0C91BC942}") = "RADIO", "RADIO\RADIO.vcxproj", "{5E19F317-5DD6-4EC1-9F7C-7B4673CFDE5E}"
EndProject
Project("{8BC9CEB8-8B4A-11D0-8D11-00A0C91BC942}") = "SHELL", "SHELL\SHELL.vcxproj", "{4AB358A5-989D-4749-A373-85E823C489F4}"
EndProject
Project("{8BC9CEB8-8B4A-11D0-8D11-00A0C91BC942}") = "SORT", "SORT\SORT.vcxproj", "{8589D1E0-BDFD-4C7D-AEAF-B196F5784FE6}"
EndProject
Project("{8BC9CEB8-8B4A-11D0-8D11-00A0C91BC942}") = "RADIX", "RADIX\RADIX.vcxproj", "{B548246B-633A-435A-A994-29C5F94583CB}"
EndProject
Project("{8BC9CEB8-8B4A-11D0-8D11-00A0C91BC942}") = "HASH_BST_COMPARE", "HASH_BST_COMPARE\HASH_BST_COMPARE.vcxproj", "{A2EC8DFA-61E9-44BA-8EF1-A4AA3757B2DF}"
EndProject
Project("{8BC9CEB8-8B4A-11D0-8D11-00A0C91BC942}") = "RADIO_TOKEN_USE", "RADIO_TOKEN_USE\RADIO_TOKEN_USE.vcxproj", "{36670DBD-6A40-4AD8-9773-D3CAB25E2D47}"
EndProject
Global
	GlobalSection(SolutionConfigurationPlatforms) = preSolution
		Debug|x64 = Debug|x64
		Debug|x86 = Debug|x86
		Release|x64 = Release|x64
		Release|x86 = Release|x86
	EndGlobalSection
	GlobalSection(ProjectConfigurationPlatforms) = postSolution
		{2AD471DE-8521-467A-BFFC-636443C0DFBD}.Debug|x64.ActiveCfg = Debug|x64
		{2AD471DE-8521-467A-BFFC-636443C0DFBD}.Debug|x64.Build.0 = Debug|x64
		{2AD471DE-8521-467A-BFFC-636443C0DFBD}.Debug|x86.ActiveCfg = Debug|Win32
		{2AD471DE-8521-467A-BFFC-636443C0DFBD}.Debug|x86.Build.0 = Debug|Win32
		{2AD471DE-8521-467A-BFFC-636443C0DFBD}.Release|x64.ActiveCfg = Release|x64
		{2AD471DE-8521-467A-BFFC-636443C0DFBD}.Release|x64.Build.0 = Release|x64
		{2AD471DE-8521-467A-BFFC-636443C0DFBD}.Release|x86.ActiveCfg = Release|Win32
		{2AD471DE-8521-467A-BFFC-636443C0DFBD}.Release|x86.Build.0 = Release|Win32
		{F57D8A71-2D50-4245-9CB3-A8C145154FF0}.Debug|x64.ActiveCfg = Debug|x64
		{F57D8A71-2D50-4245-9CB3-A8C145154FF0}.Debug|x64.Build.0 = Debug|x64
		{F57D8A71-2D50-4245-9CB3-A8C145154FF0}.Debug|x86.ActiveCfg = Debug|Win32
		{F57D8A71-2D50-4245-9CB3-A8C145154FF0}.Debug|x86.Build.0 = Debug|Win32
		{F57D8A71-2D50-4245-9CB3-A8C145154FF0}.Release|x64.ActiveCfg = Release|x64
		{F57D8A71-2D50-4245-9CB3-A8C145154FF0}.Release|x64.Build.0 = Release|x64
		{F57D8A71-2D50-4245-9CB3-A8C145154FF0}.Release|x86.ActiveCfg = Release|Win32
		{F57D8A71-2D50-4245-9CB3-A8C145154FF0}.Release|x86.Build.0 = Release|Win32
		{A008579A-C420-4700-9E5D-0ACED055ACA7}.Debug|x64.ActiveCfg = Debug|x64
		{A008579A-C420-4700-9E5D-0ACED055ACA7}.Debug|x64.Build.0 = Debug|x64
		{A008579A-C420-4700-9E5D-0ACED055ACA7}.Debug|x86.ActiveCfg = Debug|Win32
		{A008579A-C420-4700-9E5D-0ACED055ACA7}.Debug|x86.Build.0 = Debug|Win32
		{A008579A-C420-4700-9E5D-0ACED055ACA7}.Release|x64.ActiveCfg = Release|x64
		{A008579A-C420-4700-9E5D-0ACED055ACA7}.Release|x64.Build.0 = Release|x64
		{A008579A-C420-4700-9E5D-0ACED055ACA7}.Release|x86.ActiveCfg = Release|Win32
		{A008579A-C420-4700-9E5D-0ACED055ACA7}.Release|x86.Build.0 = Release|Win32
		{5E19F317-5DD6-4EC1-9F7C-7B4673CFDE5E}.Debug|x64.ActiveCfg = Debug|x64
		{5E19F317-5DD6-4EC1-9F7C-7B4673CFDE5E}.Debug|x64.Build.0 = Debug|x64
		{5E19F317-5DD6-4EC1-9F7C-7B4673CFDE5E}.Debug|x86.ActiveCfg = Debug|Win32
		{5E19F317-5DD6-4EC1-9F7C-7B4673CFDE5E}.Debug|x86.Build.0 = Debug|Win32
		{5E19F317-5DD6-4EC1-9F7C-7B4673CFDE5E}.Release|x64.ActiveCfg = Release|x64
		{5E19F317-5DD6-4EC1-9F7C-7B4673CFDE5E}.Release|x64.Build.0 = Release|x64
		{5E19F317-5DD6-4EC1-9F7C-7B4673CFDE5E}.Release|x86.ActiveCfg = Release|Win32
		{5E19F317-5DD6-4EC1-9F7C-7B4673CFDE5E}.Release|x86.Build.0 = Release|Win32
		{4AB358A5-989D-4749-A373-85E823C489F4}.Debug|x64.ActiveCfg = Debug|x64
		{4AB358A5-989D-4749-A373-85E823C489F4}.Debug|x64.Build.0 = Debug|x64
		{4AB358A5-989D-4749-A373-85E823C489F4}.Debug|x86.ActiveCfg = Debug|Win32
		{4AB358A5-989D-4749-A373-85E823C489F4}.Debug|x86.Build.0 = Debug|Win32
		{4AB358A5-989D-4749-A373-85E823C489F4}.Release|x64.ActiveCfg = Release|x64
		{4AB358A5-989D-4749-A373-85E823C489F4}.Release|x64.Build.0 = Release|x64
		{4AB358A5-989D-4749-A373-85E823C489F4}.Release|x86.ActiveCfg = Release|Win32
		{4AB358A5-989D-4749-A373-85E823C489F4}.Release|x86.Build.0 = Release|Win32
		{8589D1E0-BDFD-4C7D-AEAF-B196F5784FE6}.Debug|x64.ActiveCfg = Debug|x64
		{8589D1E0-BDFD-4C7D-AEAF-B196F5784FE6}.Debug|x64.Build.0 = Debug|x64
		{8589D1E0-BDFD-4C7D-AEAF-B196F5784FE6}.Debug|x86.ActiveCfg = Debug|Win32
		{8589D1E0-BDFD-4C7D-AEAF-B196F5784FE6}.Debug|x86.Build.0 = Debug|Win32
		{8589D1E0-BDFD-4C7D-AEAF-B196F5784FE6}.Release|x64.ActiveCfg = Release|x64
		{8589D1E0-BDFD-4C7D-AEAF-B196F5784FE6}.Release|x64.Build.0 = Release|x64
		{8589D1E0-BDFD-4C7D-AEAF-B196F5784FE6}.Release|x86.ActiveCfg = Release|Win32
		{8589D1E0-BDFD-4C7D-AEAF-B196F5784FE6}.Release|x86.Build.0 = Release|Win32
		{B548246B-633A-435A-A994-29C5F94583CB}.Debug|x64.ActiveCfg = Debug|x64
		{B548246B-633A-435A-A994-29C5F94583CB}.Debug|x64.Build.0 = Debug|x64
		{B548246B-633A-435A-A994-29C5F94583CB}.Debug|x86.ActiveCfg = Debug|Win32
		{B548246B-633A-435A-A994-29C5F94583CB}.Debug|x86.Build.0 = Debug|Win32
		{B548246B-633A-435A-A994-29C5F94583CB}.Release|x64.ActiveCfg = Release|x64
		{B548246B-633A-435A-A994-29C5F94583CB}.Release|x64.Build.0 = Release|x64
		{B548246B-633A-435A-A994-29C5F94583CB}.Release|x86.ActiveCfg = Release|Win32
		{B548246B-633A-435A-A994-29C5F94583CB}.Release|x86.Build.0 = Release|Win32
		{A2EC8DFA-61E9-44BA-8EF1-A4AA3757B2DF}.Debug|x64.ActiveCfg = Debug|x64
		{A2EC8DFA-61E9-44BA-8EF1-A4AA3757B2DF}.Debug|x64.Build.0 = Debug|x64
		{A2EC8DFA-61E9-44BA-8EF1-A4AA3757B2DF}.Debug|x86.ActiveCfg = Debug|Win32
		{A2EC8DFA-61E9-44BA-8EF1-A4AA3757B2DF}.Debug|x86.Build.0 = Debug|Win32
		{A2EC8DFA-61E9-44BA-8EF1-A4AA3757B2DF}.Release|x64.ActiveCfg = Release|x64
		{A2EC8DFA-61E9-44BA-8EF1-A4AA3757B2DF}.Release|x64.Build.0 = Release|x64
		{A2EC8DFA-61E9-44BA-8EF1-A4AA3757B2DF}.Release|x86.ActiveCfg = Release|Win32
		{A2EC8DFA-61E9-44BA-8EF1-A4AA3757B2DF}.Release|x86.Build.0 = Release|Win32
		{36670DBD-6A40-4AD8-9773-D3CAB25E2D47}.Debug|x64.ActiveCfg = Debug|x64
		{36670DBD-6A40-4AD8-9773-D3CAB25E2D47}.Debug|x64.Build.0 = Debug|x64
		{36670DBD-6A40-4AD8-9773-D3CAB25E2D47}.Debug|x86.ActiveCfg = Debug|Win32
		{36670DBD-6A40-4AD8-9773-D3CAB25E2D47}.Debug|x86.Build.0 = Debug|Win32
		{36670DBD-6A40-4AD8-9773-D3CAB25E2D47}.Release|x64.ActiveCfg = Release|x64
		{36670DBD-6A40-4AD8-9773-D3CAB25E2D47}.Release|x64.Build.0 = Release|x64
		{36670DBD-6A40-4AD8-9773-D3CAB25E2D47}.Release|x86.ActiveCfg = Release|Win32
		{36670DBD-6A40-4AD8-9773-D3CAB25E2D47}.Release|x86.Build.0 = Release|Win32
	EndGlobalSection
	GlobalSection(SolutionProperties) = preSolution
		HideSolutionNode = FALSE
	EndGlobalSection
	GlobalSection(ExtensibilityGlobals) = postSolution
		SolutionGuid = {879F9871-D8BD-45E4-81FE-E0610C1C9A0B}
	EndGlobalSection
EndGlobal
